
Microsoft Visual Studio Solution File, Format Version 12.00
# Visual Studio 15
VisualStudioVersion = 15.0.28307.1231
MinimumVisualStudioVersion = 10.0.40219.1
Project("{9A19103F-16F7-4668-BE54-9A1E7A4F7556}") = "API_GC", "API_GC\API_GC.csproj", "{B00C96C7-69B8-4D7B-9E9E-572FCA7EEA50}"
EndProject
Project("{FAE04EC0-301F-11D3-BF4B-00C04F79EFBC}") = "VacUI", "VacUI\VacUI.csproj", "{ACB76B72-F5A3-42FB-9669-E509B1653D7A}"
EndProject
Project("{FAE04EC0-301F-11D3-BF4B-00C04F79EFBC}") = "VacationUI", "VacationUI\VacationUI.csproj", "{48776300-0B91-4549-A2A0-2C935A174657}"
EndProject
Global
	GlobalSection(SolutionConfigurationPlatforms) = preSolution
		Debug|Any CPU = Debug|Any CPU
		Release|Any CPU = Release|Any CPU
	EndGlobalSection
	GlobalSection(ProjectConfigurationPlatforms) = postSolution
		{B00C96C7-69B8-4D7B-9E9E-572FCA7EEA50}.Debug|Any CPU.ActiveCfg = Debug|Any CPU
		{B00C96C7-69B8-4D7B-9E9E-572FCA7EEA50}.Debug|Any CPU.Build.0 = Debug|Any CPU
		{B00C96C7-69B8-4D7B-9E9E-572FCA7EEA50}.Release|Any CPU.ActiveCfg = Release|Any CPU
		{B00C96C7-69B8-4D7B-9E9E-572FCA7EEA50}.Release|Any CPU.Build.0 = Release|Any CPU
		{ACB76B72-F5A3-42FB-9669-E509B1653D7A}.Debug|Any CPU.ActiveCfg = Debug|Any CPU
		{ACB76B72-F5A3-42FB-9669-E509B1653D7A}.Debug|Any CPU.Build.0 = Debug|Any CPU
		{ACB76B72-F5A3-42FB-9669-E509B1653D7A}.Release|Any CPU.ActiveCfg = Release|Any CPU
		{ACB76B72-F5A3-42FB-9669-E509B1653D7A}.Release|Any CPU.Build.0 = Release|Any CPU
		{48776300-0B91-4549-A2A0-2C935A174657}.Debug|Any CPU.ActiveCfg = Debug|Any CPU
		{48776300-0B91-4549-A2A0-2C935A174657}.Debug|Any CPU.Build.0 = Debug|Any CPU
		{48776300-0B91-4549-A2A0-2C935A174657}.Release|Any CPU.ActiveCfg = Release|Any CPU
		{48776300-0B91-4549-A2A0-2C935A174657}.Release|Any CPU.Build.0 = Release|Any CPU
	EndGlobalSection
	GlobalSection(SolutionProperties) = preSolution
		HideSolutionNode = FALSE
	EndGlobalSection
	GlobalSection(ExtensibilityGlobals) = postSolution
		SolutionGuid = {A9DCFF30-85B9-427A-A376-58C82954F413}
	EndGlobalSection
EndGlobal
